
Microsoft Visual Studio Solution File, Format Version 11.00
# Visual Studio 2010
Project("{FAE04EC0-301F-11D3-BF4B-00C04F79EFBC}") = "NSubstitute.Specs", "NSubstitute.Specs\NSubstitute.Specs.csproj", "{8EAB429F-B67B-43A0-86D7-4BAFCE0AC0A3}"
EndProject
Project("{FAE04EC0-301F-11D3-BF4B-00C04F79EFBC}") = "NSubstitute", "NSubstitute\NSubstitute.csproj", "{CC6C16CC-053D-4A67-B48F-7FF4304F2896}"
EndProject
Project("{FAE04EC0-301F-11D3-BF4B-00C04F79EFBC}") = "NSubstitute.Acceptance.Specs", "NSubstitute.Acceptance.Specs\NSubstitute.Acceptance.Specs.csproj", "{F78923F8-6B25-495F-B251-5773D0C2D1D2}"
EndProject
Global
	GlobalSection(SolutionConfigurationPlatforms) = preSolution
		Debug|x86 = Debug|x86
		Release|x86 = Release|x86
	EndGlobalSection
	GlobalSection(ProjectConfigurationPlatforms) = postSolution
		{8EAB429F-B67B-43A0-86D7-4BAFCE0AC0A3}.Debug|x86.ActiveCfg = Debug|x86
		{8EAB429F-B67B-43A0-86D7-4BAFCE0AC0A3}.Debug|x86.Build.0 = Debug|x86
		{8EAB429F-B67B-43A0-86D7-4BAFCE0AC0A3}.Release|x86.ActiveCfg = Release|x86
		{8EAB429F-B67B-43A0-86D7-4BAFCE0AC0A3}.Release|x86.Build.0 = Release|x86
		{CC6C16CC-053D-4A67-B48F-7FF4304F2896}.Debug|x86.ActiveCfg = Debug|x86
		{CC6C16CC-053D-4A67-B48F-7FF4304F2896}.Debug|x86.Build.0 = Debug|x86
		{CC6C16CC-053D-4A67-B48F-7FF4304F2896}.Release|x86.ActiveCfg = Release|x86
		{CC6C16CC-053D-4A67-B48F-7FF4304F2896}.Release|x86.Build.0 = Release|x86
		{F78923F8-6B25-495F-B251-5773D0C2D1D2}.Debug|x86.ActiveCfg = Debug|x86
		{F78923F8-6B25-495F-B251-5773D0C2D1D2}.Debug|x86.Build.0 = Debug|x86
		{F78923F8-6B25-495F-B251-5773D0C2D1D2}.Release|x86.ActiveCfg = Release|x86
		{F78923F8-6B25-495F-B251-5773D0C2D1D2}.Release|x86.Build.0 = Release|x86
	EndGlobalSection
	GlobalSection(SolutionProperties) = preSolution
		HideSolutionNode = FALSE
	EndGlobalSection
EndGlobal
